
Microsoft Visual Studio Solution File, Format Version 12.00
# Visual Studio Version 17
VisualStudioVersion = 17.13.35919.96 d17.13
MinimumVisualStudioVersion = 10.0.40219.1
Project("{FAE04EC0-301F-11D3-BF4B-00C04F79EFBC}") = "NereyeGitsemAPI", "NereyeGitsemAPI.csproj", "{E0071580-1D8E-48FB-8E36-942EBE1AD43C}"
EndProject
Global
	GlobalSection(SolutionConfigurationPlatforms) = preSolution
		Debug|Any CPU = Debug|Any CPU
		Release|Any CPU = Release|Any CPU
	EndGlobalSection
	GlobalSection(ProjectConfigurationPlatforms) = postSolution
		{E0071580-1D8E-48FB-8E36-942EBE1AD43C}.Debug|Any CPU.ActiveCfg = Debug|Any CPU
		{E0071580-1D8E-48FB-8E36-942EBE1AD43C}.Debug|Any CPU.Build.0 = Debug|Any CPU
		{E0071580-1D8E-48FB-8E36-942EBE1AD43C}.Release|Any CPU.ActiveCfg = Release|Any CPU
		{E0071580-1D8E-48FB-8E36-942EBE1AD43C}.Release|Any CPU.Build.0 = Release|Any CPU
	EndGlobalSection
	GlobalSection(SolutionProperties) = preSolution
		HideSolutionNode = FALSE
	EndGlobalSection
	GlobalSection(ExtensibilityGlobals) = postSolution
		SolutionGuid = {F1818503-6372-4866-AAF3-E01DAD8679E6}
	EndGlobalSection
EndGlobal
